// !$*UTF8*$!
{
	archiveVersion = 1;
	classes = {
	};
	objectVersion = 48;
	objects = {

/* Begin PBXBuildFile section */
		CEF1F844206B7A8900106642 /* SBUITestTunnel.h in Headers */ = {isa = PBXBuildFile; fileRef = CEF1F842206B7A8900106642 /* SBUITestTunnel.h */; settings = {ATTRIBUTES = (Public, ); }; };
		CEF1F857206B7CAA00106642 /* SBUITestTunnel_mainTarget.h in Headers */ = {isa = PBXBuildFile; fileRef = CEF1F855206B7CAA00106642 /* SBUITestTunnel_mainTarget.h */; settings = {ATTRIBUTES = (Public, ); }; };
		CEF1F867206B7CD600106642 /* NSURLSession+HTTPBodyFix.h in Sources */ = {isa = PBXBuildFile; fileRef = CEF1F85B206B7CD500106642 /* NSURLSession+HTTPBodyFix.h */; };
		CEF1F868206B7CD600106642 /* SBTUITestTunnelServer.h in Sources */ = {isa = PBXBuildFile; fileRef = CEF1F85C206B7CD500106642 /* SBTUITestTunnelServer.h */; };
		CEF1F869206B7CD600106642 /* NSData+SHA1.h in Sources */ = {isa = PBXBuildFile; fileRef = CEF1F85D206B7CD500106642 /* NSData+SHA1.h */; };
		CEF1F86A206B7CD600106642 /* NSURLSessionConfiguration+SBTUITestTunnel.h in Sources */ = {isa = PBXBuildFile; fileRef = CEF1F85E206B7CD500106642 /* NSURLSessionConfiguration+SBTUITestTunnel.h */; };
		CEF1F86B206B7CD600106642 /* SBTProxyURLProtocol.h in Sources */ = {isa = PBXBuildFile; fileRef = CEF1F85F206B7CD500106642 /* SBTProxyURLProtocol.h */; };
		CEF1F86C206B7CD600106642 /* NSURLSession+HTTPBodyFix.m in Sources */ = {isa = PBXBuildFile; fileRef = CEF1F860206B7CD600106642 /* NSURLSession+HTTPBodyFix.m */; };
		CEF1F86D206B7CD600106642 /* SBTUITestTunnelServer.m in Sources */ = {isa = PBXBuildFile; fileRef = CEF1F861206B7CD600106642 /* SBTUITestTunnelServer.m */; };
		CEF1F86E206B7CD600106642 /* UITextField+DisableAutocomplete.h in Sources */ = {isa = PBXBuildFile; fileRef = CEF1F862206B7CD600106642 /* UITextField+DisableAutocomplete.h */; };
		CEF1F86F206B7CD600106642 /* UITextField+DisableAutocomplete.m in Sources */ = {isa = PBXBuildFile; fileRef = CEF1F863206B7CD600106642 /* UITextField+DisableAutocomplete.m */; };
		CEF1F870206B7CD600106642 /* NSURLSessionConfiguration+SBTUITestTunnel.m in Sources */ = {isa = PBXBuildFile; fileRef = CEF1F864206B7CD600106642 /* NSURLSessionConfiguration+SBTUITestTunnel.m */; };
		CEF1F871206B7CD600106642 /* NSData+SHA1.m in Sources */ = {isa = PBXBuildFile; fileRef = CEF1F865206B7CD600106642 /* NSData+SHA1.m */; };
		CEF1F872206B7CD600106642 /* SBTProxyURLProtocol.m in Sources */ = {isa = PBXBuildFile; fileRef = CEF1F866206B7CD600106642 /* SBTProxyURLProtocol.m */; };
		CEF1F88D206B7D3700106642 /* SBUITestTunnel_testingTarget.h in Headers */ = {isa = PBXBuildFile; fileRef = CEF1F88B206B7D3700106642 /* SBUITestTunnel_testingTarget.h */; settings = {ATTRIBUTES = (Public, ); }; };
		CEF1F895206B7D5400106642 /* SBTUITunneledApplication.h in Sources */ = {isa = PBXBuildFile; fileRef = CEF1F891206B7D5300106642 /* SBTUITunneledApplication.h */; };
		CEF1F896206B7D5400106642 /* XCTestCase+AppExtension.m in Sources */ = {isa = PBXBuildFile; fileRef = CEF1F892206B7D5400106642 /* XCTestCase+AppExtension.m */; };
		CEF1F897206B7D5400106642 /* XCTestCase+AppExtension.h in Sources */ = {isa = PBXBuildFile; fileRef = CEF1F893206B7D5400106642 /* XCTestCase+AppExtension.h */; };
		CEF1F898206B7D5400106642 /* SBTUITunneledApplication.m in Sources */ = {isa = PBXBuildFile; fileRef = CEF1F894206B7D5400106642 /* SBTUITunneledApplication.m */; };
		CEF1F8AA206B7D6100106642 /* SBTRewrite.m in Sources */ = {isa = PBXBuildFile; fileRef = CEF1F899206B7D5E00106642 /* SBTRewrite.m */; };
		CEF1F8AB206B7D6100106642 /* NSURLRequest+SBTUITestTunnelMatch.m in Sources */ = {isa = PBXBuildFile; fileRef = CEF1F89A206B7D5E00106642 /* NSURLRequest+SBTUITestTunnelMatch.m */; };
		CEF1F8AC206B7D6100106642 /* SBTStubResponse.m in Sources */ = {isa = PBXBuildFile; fileRef = CEF1F89B206B7D5E00106642 /* SBTStubResponse.m */; };
		CEF1F8AD206B7D6100106642 /* SBTMonitoredNetworkRequest.m in Sources */ = {isa = PBXBuildFile; fileRef = CEF1F89C206B7D5E00106642 /* SBTMonitoredNetworkRequest.m */; };
		CEF1F8AE206B7D6100106642 /* SBTUITestTunnel.h in Sources */ = {isa = PBXBuildFile; fileRef = CEF1F89D206B7D5F00106642 /* SBTUITestTunnel.h */; };
		CEF1F8AF206B7D6100106642 /* SBTUITestTunnel.m in Sources */ = {isa = PBXBuildFile; fileRef = CEF1F89E206B7D5F00106642 /* SBTUITestTunnel.m */; };
		CEF1F8B0206B7D6100106642 /* NSString+SwiftDemangle.m in Sources */ = {isa = PBXBuildFile; fileRef = CEF1F89F206B7D5F00106642 /* NSString+SwiftDemangle.m */; };
		CEF1F8B1206B7D6100106642 /* NSURLRequest+HTTPBodyFix.m in Sources */ = {isa = PBXBuildFile; fileRef = CEF1F8A0206B7D6000106642 /* NSURLRequest+HTTPBodyFix.m */; };
		CEF1F8B2206B7D6100106642 /* NSURLRequest+SBTUITestTunnelMatch.h in Sources */ = {isa = PBXBuildFile; fileRef = CEF1F8A1206B7D6000106642 /* NSURLRequest+SBTUITestTunnelMatch.h */; };
		CEF1F8B3206B7D6100106642 /* SBTSwizzleHelpers.h in Sources */ = {isa = PBXBuildFile; fileRef = CEF1F8A2206B7D6000106642 /* SBTSwizzleHelpers.h */; };
		CEF1F8B4206B7D6100106642 /* NSString+SwiftDemangle.h in Sources */ = {isa = PBXBuildFile; fileRef = CEF1F8A3206B7D6000106642 /* NSString+SwiftDemangle.h */; };
		CEF1F8B5206B7D6100106642 /* NSURLRequest+HTTPBodyFix.h in Sources */ = {isa = PBXBuildFile; fileRef = CEF1F8A4206B7D6000106642 /* NSURLRequest+HTTPBodyFix.h */; };
		CEF1F8B6206B7D6100106642 /* SBTMonitoredNetworkRequest.h in Sources */ = {isa = PBXBuildFile; fileRef = CEF1F8A5206B7D6000106642 /* SBTMonitoredNetworkRequest.h */; };
		CEF1F8B7206B7D6100106642 /* SBTRequestMatch.m in Sources */ = {isa = PBXBuildFile; fileRef = CEF1F8A6206B7D6100106642 /* SBTRequestMatch.m */; };
		CEF1F8B8206B7D6100106642 /* SBTStubResponse.h in Sources */ = {isa = PBXBuildFile; fileRef = CEF1F8A7206B7D6100106642 /* SBTStubResponse.h */; };
		CEF1F8B9206B7D6100106642 /* SBTRequestMatch.h in Sources */ = {isa = PBXBuildFile; fileRef = CEF1F8A8206B7D6100106642 /* SBTRequestMatch.h */; };
		CEF1F8BA206B7D6100106642 /* SBTRewrite.h in Sources */ = {isa = PBXBuildFile; fileRef = CEF1F8A9206B7D6100106642 /* SBTRewrite.h */; };
		CEF1F8C2206B878B00106642 /* UIKit.framework in Frameworks */ = {isa = PBXBuildFile; fileRef = CEF1F8C1206B878B00106642 /* UIKit.framework */; };
		CEF1F8C4206B879500106642 /* CoreGraphics.framework in Frameworks */ = {isa = PBXBuildFile; fileRef = CEF1F8C3206B879500106642 /* CoreGraphics.framework */; };
		CEF1F8C6206B879C00106642 /* Foundation.framework in Frameworks */ = {isa = PBXBuildFile; fileRef = CEF1F8C5206B879C00106642 /* Foundation.framework */; };
		CEF1F8D3206BA01400106642 /* NSURLSession+HTTPBodyFix.h in Sources */ = {isa = PBXBuildFile; fileRef = CEF1F8C7206BA01100106642 /* NSURLSession+HTTPBodyFix.h */; };
		CEF1F8D4206BA01400106642 /* SBTUITestTunnelServer.h in Sources */ = {isa = PBXBuildFile; fileRef = CEF1F8C8206BA01100106642 /* SBTUITestTunnelServer.h */; };
		CEF1F8D5206BA01400106642 /* NSData+SHA1.h in Sources */ = {isa = PBXBuildFile; fileRef = CEF1F8C9206BA01200106642 /* NSData+SHA1.h */; };
		CEF1F8D6206BA01400106642 /* NSURLSessionConfiguration+SBTUITestTunnel.h in Sources */ = {isa = PBXBuildFile; fileRef = CEF1F8CA206BA01200106642 /* NSURLSessionConfiguration+SBTUITestTunnel.h */; };
		CEF1F8D7206BA01400106642 /* SBTProxyURLProtocol.h in Sources */ = {isa = PBXBuildFile; fileRef = CEF1F8CB206BA01200106642 /* SBTProxyURLProtocol.h */; };
		CEF1F8D8206BA01400106642 /* NSURLSession+HTTPBodyFix.m in Sources */ = {isa = PBXBuildFile; fileRef = CEF1F8CC206BA01200106642 /* NSURLSession+HTTPBodyFix.m */; };
		CEF1F8D9206BA01400106642 /* SBTUITestTunnelServer.m in Sources */ = {isa = PBXBuildFile; fileRef = CEF1F8CD206BA01300106642 /* SBTUITestTunnelServer.m */; };
		CEF1F8DA206BA01400106642 /* UITextField+DisableAutocomplete.h in Sources */ = {isa = PBXBuildFile; fileRef = CEF1F8CE206BA01300106642 /* UITextField+DisableAutocomplete.h */; };
		CEF1F8DB206BA01400106642 /* UITextField+DisableAutocomplete.m in Sources */ = {isa = PBXBuildFile; fileRef = CEF1F8CF206BA01300106642 /* UITextField+DisableAutocomplete.m */; };
		CEF1F8DC206BA01400106642 /* NSURLSessionConfiguration+SBTUITestTunnel.m in Sources */ = {isa = PBXBuildFile; fileRef = CEF1F8D0206BA01300106642 /* NSURLSessionConfiguration+SBTUITestTunnel.m */; };
		CEF1F8DD206BA01400106642 /* NSData+SHA1.m in Sources */ = {isa = PBXBuildFile; fileRef = CEF1F8D1206BA01300106642 /* NSData+SHA1.m */; };
		CEF1F8DE206BA01400106642 /* SBTProxyURLProtocol.m in Sources */ = {isa = PBXBuildFile; fileRef = CEF1F8D2206BA01400106642 /* SBTProxyURLProtocol.m */; };
		CEF1F8F0206BA02500106642 /* SBTRewrite.m in Sources */ = {isa = PBXBuildFile; fileRef = CEF1F8DF206BA02400106642 /* SBTRewrite.m */; };
		CEF1F8F1206BA02500106642 /* NSURLRequest+SBTUITestTunnelMatch.m in Sources */ = {isa = PBXBuildFile; fileRef = CEF1F8E0206BA02400106642 /* NSURLRequest+SBTUITestTunnelMatch.m */; };
		CEF1F8F2206BA02500106642 /* SBTStubResponse.m in Sources */ = {isa = PBXBuildFile; fileRef = CEF1F8E1206BA02400106642 /* SBTStubResponse.m */; };
		CEF1F8F3206BA02500106642 /* SBTMonitoredNetworkRequest.m in Sources */ = {isa = PBXBuildFile; fileRef = CEF1F8E2206BA02400106642 /* SBTMonitoredNetworkRequest.m */; };
		CEF1F8F4206BA02500106642 /* SBTUITestTunnel.h in Sources */ = {isa = PBXBuildFile; fileRef = CEF1F8E3206BA02400106642 /* SBTUITestTunnel.h */; };
		CEF1F8F5206BA02500106642 /* SBTUITestTunnel.m in Sources */ = {isa = PBXBuildFile; fileRef = CEF1F8E4206BA02400106642 /* SBTUITestTunnel.m */; };
		CEF1F8F6206BA02500106642 /* NSString+SwiftDemangle.m in Sources */ = {isa = PBXBuildFile; fileRef = CEF1F8E5206BA02400106642 /* NSString+SwiftDemangle.m */; };
		CEF1F8F7206BA02500106642 /* NSURLRequest+HTTPBodyFix.m in Sources */ = {isa = PBXBuildFile; fileRef = CEF1F8E6206BA02400106642 /* NSURLRequest+HTTPBodyFix.m */; };
		CEF1F8F8206BA02500106642 /* NSURLRequest+SBTUITestTunnelMatch.h in Sources */ = {isa = PBXBuildFile; fileRef = CEF1F8E7206BA02400106642 /* NSURLRequest+SBTUITestTunnelMatch.h */; };
		CEF1F8F9206BA02500106642 /* SBTSwizzleHelpers.h in Sources */ = {isa = PBXBuildFile; fileRef = CEF1F8E8206BA02400106642 /* SBTSwizzleHelpers.h */; };
		CEF1F8FA206BA02500106642 /* NSString+SwiftDemangle.h in Sources */ = {isa = PBXBuildFile; fileRef = CEF1F8E9206BA02400106642 /* NSString+SwiftDemangle.h */; };
		CEF1F8FB206BA02500106642 /* NSURLRequest+HTTPBodyFix.h in Sources */ = {isa = PBXBuildFile; fileRef = CEF1F8EA206BA02500106642 /* NSURLRequest+HTTPBodyFix.h */; };
		CEF1F8FC206BA02500106642 /* SBTMonitoredNetworkRequest.h in Sources */ = {isa = PBXBuildFile; fileRef = CEF1F8EB206BA02500106642 /* SBTMonitoredNetworkRequest.h */; };
		CEF1F8FD206BA02500106642 /* SBTRequestMatch.m in Sources */ = {isa = PBXBuildFile; fileRef = CEF1F8EC206BA02500106642 /* SBTRequestMatch.m */; };
		CEF1F8FE206BA02500106642 /* SBTStubResponse.h in Sources */ = {isa = PBXBuildFile; fileRef = CEF1F8ED206BA02500106642 /* SBTStubResponse.h */; };
		CEF1F8FF206BA02500106642 /* SBTRequestMatch.h in Sources */ = {isa = PBXBuildFile; fileRef = CEF1F8EE206BA02500106642 /* SBTRequestMatch.h */; };
		CEF1F900206BA02500106642 /* SBTRewrite.h in Sources */ = {isa = PBXBuildFile; fileRef = CEF1F8EF206BA02500106642 /* SBTRewrite.h */; };
		CEF1F905206BA03700106642 /* SBTUITunneledApplication.h in Sources */ = {isa = PBXBuildFile; fileRef = CEF1F901206BA03600106642 /* SBTUITunneledApplication.h */; };
		CEF1F906206BA03700106642 /* XCTestCase+AppExtension.m in Sources */ = {isa = PBXBuildFile; fileRef = CEF1F902206BA03600106642 /* XCTestCase+AppExtension.m */; };
		CEF1F907206BA03700106642 /* XCTestCase+AppExtension.h in Sources */ = {isa = PBXBuildFile; fileRef = CEF1F903206BA03600106642 /* XCTestCase+AppExtension.h */; };
		CEF1F908206BA03700106642 /* SBTUITunneledApplication.m in Sources */ = {isa = PBXBuildFile; fileRef = CEF1F904206BA03700106642 /* SBTUITunneledApplication.m */; };
/* End PBXBuildFile section */

/* Begin PBXFileReference section */
		CEF1F83F206B7A8900106642 /* SBUITestTunnel.framework */ = {isa = PBXFileReference; explicitFileType = wrapper.framework; includeInIndex = 0; path = SBUITestTunnel.framework; sourceTree = BUILT_PRODUCTS_DIR; };
		CEF1F842206B7A8900106642 /* SBUITestTunnel.h */ = {isa = PBXFileReference; lastKnownFileType = sourcecode.c.h; path = SBUITestTunnel.h; sourceTree = "<group>"; };
		CEF1F843206B7A8900106642 /* Info.plist */ = {isa = PBXFileReference; lastKnownFileType = text.plist.xml; path = Info.plist; sourceTree = "<group>"; };
		CEF1F853206B7CAA00106642 /* SBUITestTunnel_mainTarget.framework */ = {isa = PBXFileReference; explicitFileType = wrapper.framework; includeInIndex = 0; path = SBUITestTunnel_mainTarget.framework; sourceTree = BUILT_PRODUCTS_DIR; };
		CEF1F855206B7CAA00106642 /* SBUITestTunnel_mainTarget.h */ = {isa = PBXFileReference; lastKnownFileType = sourcecode.c.h; path = SBUITestTunnel_mainTarget.h; sourceTree = "<group>"; };
		CEF1F856206B7CAA00106642 /* Info.plist */ = {isa = PBXFileReference; lastKnownFileType = text.plist.xml; path = Info.plist; sourceTree = "<group>"; };
		CEF1F85B206B7CD500106642 /* NSURLSession+HTTPBodyFix.h */ = {isa = PBXFileReference; lastKnownFileType = sourcecode.c.h; name = "NSURLSession+HTTPBodyFix.h"; path = "Classes/Server/NSURLSession+HTTPBodyFix.h"; sourceTree = "<group>"; };
		CEF1F85C206B7CD500106642 /* SBTUITestTunnelServer.h */ = {isa = PBXFileReference; lastKnownFileType = sourcecode.c.h; name = SBTUITestTunnelServer.h; path = Classes/Server/SBTUITestTunnelServer.h; sourceTree = "<group>"; };
		CEF1F85D206B7CD500106642 /* NSData+SHA1.h */ = {isa = PBXFileReference; lastKnownFileType = sourcecode.c.h; name = "NSData+SHA1.h"; path = "Classes/Server/NSData+SHA1.h"; sourceTree = "<group>"; };
		CEF1F85E206B7CD500106642 /* NSURLSessionConfiguration+SBTUITestTunnel.h */ = {isa = PBXFileReference; lastKnownFileType = sourcecode.c.h; name = "NSURLSessionConfiguration+SBTUITestTunnel.h"; path = "Classes/Server/NSURLSessionConfiguration+SBTUITestTunnel.h"; sourceTree = "<group>"; };
		CEF1F85F206B7CD500106642 /* SBTProxyURLProtocol.h */ = {isa = PBXFileReference; lastKnownFileType = sourcecode.c.h; name = SBTProxyURLProtocol.h; path = Classes/Server/SBTProxyURLProtocol.h; sourceTree = "<group>"; };
		CEF1F860206B7CD600106642 /* NSURLSession+HTTPBodyFix.m */ = {isa = PBXFileReference; lastKnownFileType = sourcecode.c.objc; name = "NSURLSession+HTTPBodyFix.m"; path = "Classes/Server/NSURLSession+HTTPBodyFix.m"; sourceTree = "<group>"; };
		CEF1F861206B7CD600106642 /* SBTUITestTunnelServer.m */ = {isa = PBXFileReference; lastKnownFileType = sourcecode.c.objc; name = SBTUITestTunnelServer.m; path = Classes/Server/SBTUITestTunnelServer.m; sourceTree = "<group>"; };
		CEF1F862206B7CD600106642 /* UITextField+DisableAutocomplete.h */ = {isa = PBXFileReference; lastKnownFileType = sourcecode.c.h; name = "UITextField+DisableAutocomplete.h"; path = "Classes/Server/UITextField+DisableAutocomplete.h"; sourceTree = "<group>"; };
		CEF1F863206B7CD600106642 /* UITextField+DisableAutocomplete.m */ = {isa = PBXFileReference; lastKnownFileType = sourcecode.c.objc; name = "UITextField+DisableAutocomplete.m"; path = "Classes/Server/UITextField+DisableAutocomplete.m"; sourceTree = "<group>"; };
		CEF1F864206B7CD600106642 /* NSURLSessionConfiguration+SBTUITestTunnel.m */ = {isa = PBXFileReference; lastKnownFileType = sourcecode.c.objc; name = "NSURLSessionConfiguration+SBTUITestTunnel.m"; path = "Classes/Server/NSURLSessionConfiguration+SBTUITestTunnel.m"; sourceTree = "<group>"; };
		CEF1F865206B7CD600106642 /* NSData+SHA1.m */ = {isa = PBXFileReference; lastKnownFileType = sourcecode.c.objc; name = "NSData+SHA1.m"; path = "Classes/Server/NSData+SHA1.m"; sourceTree = "<group>"; };
		CEF1F866206B7CD600106642 /* SBTProxyURLProtocol.m */ = {isa = PBXFileReference; lastKnownFileType = sourcecode.c.objc; name = SBTProxyURLProtocol.m; path = Classes/Server/SBTProxyURLProtocol.m; sourceTree = "<group>"; };
		CEF1F873206B7CE100106642 /* SBTRewrite.m */ = {isa = PBXFileReference; lastKnownFileType = sourcecode.c.objc; name = SBTRewrite.m; path = Classes/Common/SBTRewrite.m; sourceTree = "<group>"; };
		CEF1F874206B7CE100106642 /* NSURLRequest+SBTUITestTunnelMatch.m */ = {isa = PBXFileReference; lastKnownFileType = sourcecode.c.objc; name = "NSURLRequest+SBTUITestTunnelMatch.m"; path = "Classes/Common/NSURLRequest+SBTUITestTunnelMatch.m"; sourceTree = "<group>"; };
		CEF1F875206B7CE100106642 /* SBTStubResponse.m */ = {isa = PBXFileReference; lastKnownFileType = sourcecode.c.objc; name = SBTStubResponse.m; path = Classes/Common/SBTStubResponse.m; sourceTree = "<group>"; };
		CEF1F876206B7CE100106642 /* SBTMonitoredNetworkRequest.m */ = {isa = PBXFileReference; lastKnownFileType = sourcecode.c.objc; name = SBTMonitoredNetworkRequest.m; path = Classes/Common/SBTMonitoredNetworkRequest.m; sourceTree = "<group>"; };
		CEF1F877206B7CE200106642 /* SBTUITestTunnel.h */ = {isa = PBXFileReference; lastKnownFileType = sourcecode.c.h; name = SBTUITestTunnel.h; path = Classes/Common/SBTUITestTunnel.h; sourceTree = "<group>"; };
		CEF1F878206B7CE200106642 /* SBTUITestTunnel.m */ = {isa = PBXFileReference; lastKnownFileType = sourcecode.c.objc; name = SBTUITestTunnel.m; path = Classes/Common/SBTUITestTunnel.m; sourceTree = "<group>"; };
		CEF1F879206B7CE200106642 /* NSString+SwiftDemangle.m */ = {isa = PBXFileReference; lastKnownFileType = sourcecode.c.objc; name = "NSString+SwiftDemangle.m"; path = "Classes/Common/NSString+SwiftDemangle.m"; sourceTree = "<group>"; };
		CEF1F87A206B7CE200106642 /* NSURLRequest+HTTPBodyFix.m */ = {isa = PBXFileReference; lastKnownFileType = sourcecode.c.objc; name = "NSURLRequest+HTTPBodyFix.m"; path = "Classes/Common/NSURLRequest+HTTPBodyFix.m"; sourceTree = "<group>"; };
		CEF1F87B206B7CE200106642 /* NSURLRequest+SBTUITestTunnelMatch.h */ = {isa = PBXFileReference; lastKnownFileType = sourcecode.c.h; name = "NSURLRequest+SBTUITestTunnelMatch.h"; path = "Classes/Common/NSURLRequest+SBTUITestTunnelMatch.h"; sourceTree = "<group>"; };
		CEF1F87C206B7CE200106642 /* SBTSwizzleHelpers.h */ = {isa = PBXFileReference; lastKnownFileType = sourcecode.c.h; name = SBTSwizzleHelpers.h; path = Classes/Common/SBTSwizzleHelpers.h; sourceTree = "<group>"; };
		CEF1F87D206B7CE300106642 /* NSString+SwiftDemangle.h */ = {isa = PBXFileReference; lastKnownFileType = sourcecode.c.h; name = "NSString+SwiftDemangle.h"; path = "Classes/Common/NSString+SwiftDemangle.h"; sourceTree = "<group>"; };
		CEF1F87E206B7CE300106642 /* NSURLRequest+HTTPBodyFix.h */ = {isa = PBXFileReference; lastKnownFileType = sourcecode.c.h; name = "NSURLRequest+HTTPBodyFix.h"; path = "Classes/Common/NSURLRequest+HTTPBodyFix.h"; sourceTree = "<group>"; };
		CEF1F87F206B7CE300106642 /* SBTMonitoredNetworkRequest.h */ = {isa = PBXFileReference; lastKnownFileType = sourcecode.c.h; name = SBTMonitoredNetworkRequest.h; path = Classes/Common/SBTMonitoredNetworkRequest.h; sourceTree = "<group>"; };
		CEF1F880206B7CE300106642 /* SBTRequestMatch.m */ = {isa = PBXFileReference; lastKnownFileType = sourcecode.c.objc; name = SBTRequestMatch.m; path = Classes/Common/SBTRequestMatch.m; sourceTree = "<group>"; };
		CEF1F881206B7CE300106642 /* SBTStubResponse.h */ = {isa = PBXFileReference; lastKnownFileType = sourcecode.c.h; name = SBTStubResponse.h; path = Classes/Common/SBTStubResponse.h; sourceTree = "<group>"; };
		CEF1F882206B7CE400106642 /* SBTRequestMatch.h */ = {isa = PBXFileReference; lastKnownFileType = sourcecode.c.h; name = SBTRequestMatch.h; path = Classes/Common/SBTRequestMatch.h; sourceTree = "<group>"; };
		CEF1F883206B7CE400106642 /* SBTRewrite.h */ = {isa = PBXFileReference; lastKnownFileType = sourcecode.c.h; name = SBTRewrite.h; path = Classes/Common/SBTRewrite.h; sourceTree = "<group>"; };
		CEF1F889206B7D3700106642 /* SBUITestTunnel_testingTarget.framework */ = {isa = PBXFileReference; explicitFileType = wrapper.framework; includeInIndex = 0; path = SBUITestTunnel_testingTarget.framework; sourceTree = BUILT_PRODUCTS_DIR; };
		CEF1F88B206B7D3700106642 /* SBUITestTunnel_testingTarget.h */ = {isa = PBXFileReference; lastKnownFileType = sourcecode.c.h; path = SBUITestTunnel_testingTarget.h; sourceTree = "<group>"; };
		CEF1F88C206B7D3700106642 /* Info.plist */ = {isa = PBXFileReference; lastKnownFileType = text.plist.xml; path = Info.plist; sourceTree = "<group>"; };
		CEF1F891206B7D5300106642 /* SBTUITunneledApplication.h */ = {isa = PBXFileReference; lastKnownFileType = sourcecode.c.h; name = SBTUITunneledApplication.h; path = Classes/Client/SBTUITunneledApplication.h; sourceTree = "<group>"; };
		CEF1F892206B7D5400106642 /* XCTestCase+AppExtension.m */ = {isa = PBXFileReference; lastKnownFileType = sourcecode.c.objc; name = "XCTestCase+AppExtension.m"; path = "Classes/Client/XCTestCase+AppExtension.m"; sourceTree = "<group>"; };
		CEF1F893206B7D5400106642 /* XCTestCase+AppExtension.h */ = {isa = PBXFileReference; lastKnownFileType = sourcecode.c.h; name = "XCTestCase+AppExtension.h"; path = "Classes/Client/XCTestCase+AppExtension.h"; sourceTree = "<group>"; };
		CEF1F894206B7D5400106642 /* SBTUITunneledApplication.m */ = {isa = PBXFileReference; lastKnownFileType = sourcecode.c.objc; name = SBTUITunneledApplication.m; path = Classes/Client/SBTUITunneledApplication.m; sourceTree = "<group>"; };
		CEF1F899206B7D5E00106642 /* SBTRewrite.m */ = {isa = PBXFileReference; lastKnownFileType = sourcecode.c.objc; name = SBTRewrite.m; path = Classes/Common/SBTRewrite.m; sourceTree = "<group>"; };
		CEF1F89A206B7D5E00106642 /* NSURLRequest+SBTUITestTunnelMatch.m */ = {isa = PBXFileReference; lastKnownFileType = sourcecode.c.objc; name = "NSURLRequest+SBTUITestTunnelMatch.m"; path = "Classes/Common/NSURLRequest+SBTUITestTunnelMatch.m"; sourceTree = "<group>"; };
		CEF1F89B206B7D5E00106642 /* SBTStubResponse.m */ = {isa = PBXFileReference; lastKnownFileType = sourcecode.c.objc; name = SBTStubResponse.m; path = Classes/Common/SBTStubResponse.m; sourceTree = "<group>"; };
		CEF1F89C206B7D5E00106642 /* SBTMonitoredNetworkRequest.m */ = {isa = PBXFileReference; lastKnownFileType = sourcecode.c.objc; name = SBTMonitoredNetworkRequest.m; path = Classes/Common/SBTMonitoredNetworkRequest.m; sourceTree = "<group>"; };
		CEF1F89D206B7D5F00106642 /* SBTUITestTunnel.h */ = {isa = PBXFileReference; lastKnownFileType = sourcecode.c.h; name = SBTUITestTunnel.h; path = Classes/Common/SBTUITestTunnel.h; sourceTree = "<group>"; };
		CEF1F89E206B7D5F00106642 /* SBTUITestTunnel.m */ = {isa = PBXFileReference; lastKnownFileType = sourcecode.c.objc; name = SBTUITestTunnel.m; path = Classes/Common/SBTUITestTunnel.m; sourceTree = "<group>"; };
		CEF1F89F206B7D5F00106642 /* NSString+SwiftDemangle.m */ = {isa = PBXFileReference; lastKnownFileType = sourcecode.c.objc; name = "NSString+SwiftDemangle.m"; path = "Classes/Common/NSString+SwiftDemangle.m"; sourceTree = "<group>"; };
		CEF1F8A0206B7D6000106642 /* NSURLRequest+HTTPBodyFix.m */ = {isa = PBXFileReference; lastKnownFileType = sourcecode.c.objc; name = "NSURLRequest+HTTPBodyFix.m"; path = "Classes/Common/NSURLRequest+HTTPBodyFix.m"; sourceTree = "<group>"; };
		CEF1F8A1206B7D6000106642 /* NSURLRequest+SBTUITestTunnelMatch.h */ = {isa = PBXFileReference; lastKnownFileType = sourcecode.c.h; name = "NSURLRequest+SBTUITestTunnelMatch.h"; path = "Classes/Common/NSURLRequest+SBTUITestTunnelMatch.h"; sourceTree = "<group>"; };
		CEF1F8A2206B7D6000106642 /* SBTSwizzleHelpers.h */ = {isa = PBXFileReference; lastKnownFileType = sourcecode.c.h; name = SBTSwizzleHelpers.h; path = Classes/Common/SBTSwizzleHelpers.h; sourceTree = "<group>"; };
		CEF1F8A3206B7D6000106642 /* NSString+SwiftDemangle.h */ = {isa = PBXFileReference; lastKnownFileType = sourcecode.c.h; name = "NSString+SwiftDemangle.h"; path = "Classes/Common/NSString+SwiftDemangle.h"; sourceTree = "<group>"; };
		CEF1F8A4206B7D6000106642 /* NSURLRequest+HTTPBodyFix.h */ = {isa = PBXFileReference; lastKnownFileType = sourcecode.c.h; name = "NSURLRequest+HTTPBodyFix.h"; path = "Classes/Common/NSURLRequest+HTTPBodyFix.h"; sourceTree = "<group>"; };
		CEF1F8A5206B7D6000106642 /* SBTMonitoredNetworkRequest.h */ = {isa = PBXFileReference; lastKnownFileType = sourcecode.c.h; name = SBTMonitoredNetworkRequest.h; path = Classes/Common/SBTMonitoredNetworkRequest.h; sourceTree = "<group>"; };
		CEF1F8A6206B7D6100106642 /* SBTRequestMatch.m */ = {isa = PBXFileReference; lastKnownFileType = sourcecode.c.objc; name = SBTRequestMatch.m; path = Classes/Common/SBTRequestMatch.m; sourceTree = "<group>"; };
		CEF1F8A7206B7D6100106642 /* SBTStubResponse.h */ = {isa = PBXFileReference; lastKnownFileType = sourcecode.c.h; name = SBTStubResponse.h; path = Classes/Common/SBTStubResponse.h; sourceTree = "<group>"; };
		CEF1F8A8206B7D6100106642 /* SBTRequestMatch.h */ = {isa = PBXFileReference; lastKnownFileType = sourcecode.c.h; name = SBTRequestMatch.h; path = Classes/Common/SBTRequestMatch.h; sourceTree = "<group>"; };
		CEF1F8A9206B7D6100106642 /* SBTRewrite.h */ = {isa = PBXFileReference; lastKnownFileType = sourcecode.c.h; name = SBTRewrite.h; path = Classes/Common/SBTRewrite.h; sourceTree = "<group>"; };
		CEF1F8C1206B878B00106642 /* UIKit.framework */ = {isa = PBXFileReference; lastKnownFileType = wrapper.framework; name = UIKit.framework; path = System/Library/Frameworks/UIKit.framework; sourceTree = SDKROOT; };
		CEF1F8C3206B879500106642 /* CoreGraphics.framework */ = {isa = PBXFileReference; lastKnownFileType = wrapper.framework; name = CoreGraphics.framework; path = System/Library/Frameworks/CoreGraphics.framework; sourceTree = SDKROOT; };
		CEF1F8C5206B879C00106642 /* Foundation.framework */ = {isa = PBXFileReference; lastKnownFileType = wrapper.framework; name = Foundation.framework; path = System/Library/Frameworks/Foundation.framework; sourceTree = SDKROOT; };
		CEF1F8C7206BA01100106642 /* NSURLSession+HTTPBodyFix.h */ = {isa = PBXFileReference; lastKnownFileType = sourcecode.c.h; name = "NSURLSession+HTTPBodyFix.h"; path = "Classes/Server/NSURLSession+HTTPBodyFix.h"; sourceTree = "<group>"; };
		CEF1F8C8206BA01100106642 /* SBTUITestTunnelServer.h */ = {isa = PBXFileReference; lastKnownFileType = sourcecode.c.h; name = SBTUITestTunnelServer.h; path = Classes/Server/SBTUITestTunnelServer.h; sourceTree = "<group>"; };
		CEF1F8C9206BA01200106642 /* NSData+SHA1.h */ = {isa = PBXFileReference; lastKnownFileType = sourcecode.c.h; name = "NSData+SHA1.h"; path = "Classes/Server/NSData+SHA1.h"; sourceTree = "<group>"; };
		CEF1F8CA206BA01200106642 /* NSURLSessionConfiguration+SBTUITestTunnel.h */ = {isa = PBXFileReference; lastKnownFileType = sourcecode.c.h; name = "NSURLSessionConfiguration+SBTUITestTunnel.h"; path = "Classes/Server/NSURLSessionConfiguration+SBTUITestTunnel.h"; sourceTree = "<group>"; };
		CEF1F8CB206BA01200106642 /* SBTProxyURLProtocol.h */ = {isa = PBXFileReference; lastKnownFileType = sourcecode.c.h; name = SBTProxyURLProtocol.h; path = Classes/Server/SBTProxyURLProtocol.h; sourceTree = "<group>"; };
		CEF1F8CC206BA01200106642 /* NSURLSession+HTTPBodyFix.m */ = {isa = PBXFileReference; lastKnownFileType = sourcecode.c.objc; name = "NSURLSession+HTTPBodyFix.m"; path = "Classes/Server/NSURLSession+HTTPBodyFix.m"; sourceTree = "<group>"; };
		CEF1F8CD206BA01300106642 /* SBTUITestTunnelServer.m */ = {isa = PBXFileReference; lastKnownFileType = sourcecode.c.objc; name = SBTUITestTunnelServer.m; path = Classes/Server/SBTUITestTunnelServer.m; sourceTree = "<group>"; };
		CEF1F8CE206BA01300106642 /* UITextField+DisableAutocomplete.h */ = {isa = PBXFileReference; lastKnownFileType = sourcecode.c.h; name = "UITextField+DisableAutocomplete.h"; path = "Classes/Server/UITextField+DisableAutocomplete.h"; sourceTree = "<group>"; };
		CEF1F8CF206BA01300106642 /* UITextField+DisableAutocomplete.m */ = {isa = PBXFileReference; lastKnownFileType = sourcecode.c.objc; name = "UITextField+DisableAutocomplete.m"; path = "Classes/Server/UITextField+DisableAutocomplete.m"; sourceTree = "<group>"; };
		CEF1F8D0206BA01300106642 /* NSURLSessionConfiguration+SBTUITestTunnel.m */ = {isa = PBXFileReference; lastKnownFileType = sourcecode.c.objc; name = "NSURLSessionConfiguration+SBTUITestTunnel.m"; path = "Classes/Server/NSURLSessionConfiguration+SBTUITestTunnel.m"; sourceTree = "<group>"; };
		CEF1F8D1206BA01300106642 /* NSData+SHA1.m */ = {isa = PBXFileReference; lastKnownFileType = sourcecode.c.objc; name = "NSData+SHA1.m"; path = "Classes/Server/NSData+SHA1.m"; sourceTree = "<group>"; };
		CEF1F8D2206BA01400106642 /* SBTProxyURLProtocol.m */ = {isa = PBXFileReference; lastKnownFileType = sourcecode.c.objc; name = SBTProxyURLProtocol.m; path = Classes/Server/SBTProxyURLProtocol.m; sourceTree = "<group>"; };
		CEF1F8DF206BA02400106642 /* SBTRewrite.m */ = {isa = PBXFileReference; lastKnownFileType = sourcecode.c.objc; name = SBTRewrite.m; path = Classes/Common/SBTRewrite.m; sourceTree = "<group>"; };
		CEF1F8E0206BA02400106642 /* NSURLRequest+SBTUITestTunnelMatch.m */ = {isa = PBXFileReference; lastKnownFileType = sourcecode.c.objc; name = "NSURLRequest+SBTUITestTunnelMatch.m"; path = "Classes/Common/NSURLRequest+SBTUITestTunnelMatch.m"; sourceTree = "<group>"; };
		CEF1F8E1206BA02400106642 /* SBTStubResponse.m */ = {isa = PBXFileReference; lastKnownFileType = sourcecode.c.objc; name = SBTStubResponse.m; path = Classes/Common/SBTStubResponse.m; sourceTree = "<group>"; };
		CEF1F8E2206BA02400106642 /* SBTMonitoredNetworkRequest.m */ = {isa = PBXFileReference; lastKnownFileType = sourcecode.c.objc; name = SBTMonitoredNetworkRequest.m; path = Classes/Common/SBTMonitoredNetworkRequest.m; sourceTree = "<group>"; };
		CEF1F8E3206BA02400106642 /* SBTUITestTunnel.h */ = {isa = PBXFileReference; lastKnownFileType = sourcecode.c.h; name = SBTUITestTunnel.h; path = Classes/Common/SBTUITestTunnel.h; sourceTree = "<group>"; };
		CEF1F8E4206BA02400106642 /* SBTUITestTunnel.m */ = {isa = PBXFileReference; lastKnownFileType = sourcecode.c.objc; name = SBTUITestTunnel.m; path = Classes/Common/SBTUITestTunnel.m; sourceTree = "<group>"; };
		CEF1F8E5206BA02400106642 /* NSString+SwiftDemangle.m */ = {isa = PBXFileReference; lastKnownFileType = sourcecode.c.objc; name = "NSString+SwiftDemangle.m"; path = "Classes/Common/NSString+SwiftDemangle.m"; sourceTree = "<group>"; };
		CEF1F8E6206BA02400106642 /* NSURLRequest+HTTPBodyFix.m */ = {isa = PBXFileReference; lastKnownFileType = sourcecode.c.objc; name = "NSURLRequest+HTTPBodyFix.m"; path = "Classes/Common/NSURLRequest+HTTPBodyFix.m"; sourceTree = "<group>"; };
		CEF1F8E7206BA02400106642 /* NSURLRequest+SBTUITestTunnelMatch.h */ = {isa = PBXFileReference; lastKnownFileType = sourcecode.c.h; name = "NSURLRequest+SBTUITestTunnelMatch.h"; path = "Classes/Common/NSURLRequest+SBTUITestTunnelMatch.h"; sourceTree = "<group>"; };
		CEF1F8E8206BA02400106642 /* SBTSwizzleHelpers.h */ = {isa = PBXFileReference; lastKnownFileType = sourcecode.c.h; name = SBTSwizzleHelpers.h; path = Classes/Common/SBTSwizzleHelpers.h; sourceTree = "<group>"; };
		CEF1F8E9206BA02400106642 /* NSString+SwiftDemangle.h */ = {isa = PBXFileReference; lastKnownFileType = sourcecode.c.h; name = "NSString+SwiftDemangle.h"; path = "Classes/Common/NSString+SwiftDemangle.h"; sourceTree = "<group>"; };
		CEF1F8EA206BA02500106642 /* NSURLRequest+HTTPBodyFix.h */ = {isa = PBXFileReference; lastKnownFileType = sourcecode.c.h; name = "NSURLRequest+HTTPBodyFix.h"; path = "Classes/Common/NSURLRequest+HTTPBodyFix.h"; sourceTree = "<group>"; };
		CEF1F8EB206BA02500106642 /* SBTMonitoredNetworkRequest.h */ = {isa = PBXFileReference; lastKnownFileType = sourcecode.c.h; name = SBTMonitoredNetworkRequest.h; path = Classes/Common/SBTMonitoredNetworkRequest.h; sourceTree = "<group>"; };
		CEF1F8EC206BA02500106642 /* SBTRequestMatch.m */ = {isa = PBXFileReference; lastKnownFileType = sourcecode.c.objc; name = SBTRequestMatch.m; path = Classes/Common/SBTRequestMatch.m; sourceTree = "<group>"; };
		CEF1F8ED206BA02500106642 /* SBTStubResponse.h */ = {isa = PBXFileReference; lastKnownFileType = sourcecode.c.h; name = SBTStubResponse.h; path = Classes/Common/SBTStubResponse.h; sourceTree = "<group>"; };
		CEF1F8EE206BA02500106642 /* SBTRequestMatch.h */ = {isa = PBXFileReference; lastKnownFileType = sourcecode.c.h; name = SBTRequestMatch.h; path = Classes/Common/SBTRequestMatch.h; sourceTree = "<group>"; };
		CEF1F8EF206BA02500106642 /* SBTRewrite.h */ = {isa = PBXFileReference; lastKnownFileType = sourcecode.c.h; name = SBTRewrite.h; path = Classes/Common/SBTRewrite.h; sourceTree = "<group>"; };
		CEF1F901206BA03600106642 /* SBTUITunneledApplication.h */ = {isa = PBXFileReference; lastKnownFileType = sourcecode.c.h; name = SBTUITunneledApplication.h; path = Classes/Client/SBTUITunneledApplication.h; sourceTree = "<group>"; };
		CEF1F902206BA03600106642 /* XCTestCase+AppExtension.m */ = {isa = PBXFileReference; lastKnownFileType = sourcecode.c.objc; name = "XCTestCase+AppExtension.m"; path = "Classes/Client/XCTestCase+AppExtension.m"; sourceTree = "<group>"; };
		CEF1F903206BA03600106642 /* XCTestCase+AppExtension.h */ = {isa = PBXFileReference; lastKnownFileType = sourcecode.c.h; name = "XCTestCase+AppExtension.h"; path = "Classes/Client/XCTestCase+AppExtension.h"; sourceTree = "<group>"; };
		CEF1F904206BA03700106642 /* SBTUITunneledApplication.m */ = {isa = PBXFileReference; lastKnownFileType = sourcecode.c.objc; name = SBTUITunneledApplication.m; path = Classes/Client/SBTUITunneledApplication.m; sourceTree = "<group>"; };
/* End PBXFileReference section */

/* Begin PBXFrameworksBuildPhase section */
		CEF1F83B206B7A8900106642 /* Frameworks */ = {
			isa = PBXFrameworksBuildPhase;
			buildActionMask = 2147483647;
			files = (
			);
			runOnlyForDeploymentPostprocessing = 0;
		};
		CEF1F84F206B7CAA00106642 /* Frameworks */ = {
			isa = PBXFrameworksBuildPhase;
			buildActionMask = 2147483647;
			files = (
				CEF1F8C6206B879C00106642 /* Foundation.framework in Frameworks */,
				CEF1F8C4206B879500106642 /* CoreGraphics.framework in Frameworks */,
				CEF1F8C2206B878B00106642 /* UIKit.framework in Frameworks */,
			);
			runOnlyForDeploymentPostprocessing = 0;
		};
		CEF1F885206B7D3700106642 /* Frameworks */ = {
			isa = PBXFrameworksBuildPhase;
			buildActionMask = 2147483647;
			files = (
			);
			runOnlyForDeploymentPostprocessing = 0;
		};
/* End PBXFrameworksBuildPhase section */

/* Begin PBXGroup section */
		CEF1F835206B7A8900106642 = {
			isa = PBXGroup;
			children = (
				CEF1F901206BA03600106642 /* SBTUITunneledApplication.h */,
				CEF1F904206BA03700106642 /* SBTUITunneledApplication.m */,
				CEF1F903206BA03600106642 /* XCTestCase+AppExtension.h */,
				CEF1F902206BA03600106642 /* XCTestCase+AppExtension.m */,
				CEF1F8E9206BA02400106642 /* NSString+SwiftDemangle.h */,
				CEF1F8E5206BA02400106642 /* NSString+SwiftDemangle.m */,
				CEF1F8EA206BA02500106642 /* NSURLRequest+HTTPBodyFix.h */,
				CEF1F8E6206BA02400106642 /* NSURLRequest+HTTPBodyFix.m */,
				CEF1F8E7206BA02400106642 /* NSURLRequest+SBTUITestTunnelMatch.h */,
				CEF1F8E0206BA02400106642 /* NSURLRequest+SBTUITestTunnelMatch.m */,
				CEF1F8EB206BA02500106642 /* SBTMonitoredNetworkRequest.h */,
				CEF1F8E2206BA02400106642 /* SBTMonitoredNetworkRequest.m */,
				CEF1F8EE206BA02500106642 /* SBTRequestMatch.h */,
				CEF1F8EC206BA02500106642 /* SBTRequestMatch.m */,
				CEF1F8EF206BA02500106642 /* SBTRewrite.h */,
				CEF1F8DF206BA02400106642 /* SBTRewrite.m */,
				CEF1F8ED206BA02500106642 /* SBTStubResponse.h */,
				CEF1F8E1206BA02400106642 /* SBTStubResponse.m */,
				CEF1F8E8206BA02400106642 /* SBTSwizzleHelpers.h */,
				CEF1F8E3206BA02400106642 /* SBTUITestTunnel.h */,
				CEF1F8E4206BA02400106642 /* SBTUITestTunnel.m */,
				CEF1F8C9206BA01200106642 /* NSData+SHA1.h */,
				CEF1F8D1206BA01300106642 /* NSData+SHA1.m */,
				CEF1F8C7206BA01100106642 /* NSURLSession+HTTPBodyFix.h */,
				CEF1F8CC206BA01200106642 /* NSURLSession+HTTPBodyFix.m */,
				CEF1F8CA206BA01200106642 /* NSURLSessionConfiguration+SBTUITestTunnel.h */,
				CEF1F8D0206BA01300106642 /* NSURLSessionConfiguration+SBTUITestTunnel.m */,
				CEF1F8CB206BA01200106642 /* SBTProxyURLProtocol.h */,
				CEF1F8D2206BA01400106642 /* SBTProxyURLProtocol.m */,
				CEF1F8C8206BA01100106642 /* SBTUITestTunnelServer.h */,
				CEF1F8CD206BA01300106642 /* SBTUITestTunnelServer.m */,
				CEF1F8CE206BA01300106642 /* UITextField+DisableAutocomplete.h */,
				CEF1F8CF206BA01300106642 /* UITextField+DisableAutocomplete.m */,
				CEF1F8A3206B7D6000106642 /* NSString+SwiftDemangle.h */,
				CEF1F89F206B7D5F00106642 /* NSString+SwiftDemangle.m */,
				CEF1F8A4206B7D6000106642 /* NSURLRequest+HTTPBodyFix.h */,
				CEF1F8A0206B7D6000106642 /* NSURLRequest+HTTPBodyFix.m */,
				CEF1F8A1206B7D6000106642 /* NSURLRequest+SBTUITestTunnelMatch.h */,
				CEF1F89A206B7D5E00106642 /* NSURLRequest+SBTUITestTunnelMatch.m */,
				CEF1F8A5206B7D6000106642 /* SBTMonitoredNetworkRequest.h */,
				CEF1F89C206B7D5E00106642 /* SBTMonitoredNetworkRequest.m */,
				CEF1F8A8206B7D6100106642 /* SBTRequestMatch.h */,
				CEF1F8A6206B7D6100106642 /* SBTRequestMatch.m */,
				CEF1F8A9206B7D6100106642 /* SBTRewrite.h */,
				CEF1F899206B7D5E00106642 /* SBTRewrite.m */,
				CEF1F8A7206B7D6100106642 /* SBTStubResponse.h */,
				CEF1F89B206B7D5E00106642 /* SBTStubResponse.m */,
				CEF1F8A2206B7D6000106642 /* SBTSwizzleHelpers.h */,
				CEF1F89D206B7D5F00106642 /* SBTUITestTunnel.h */,
				CEF1F89E206B7D5F00106642 /* SBTUITestTunnel.m */,
				CEF1F891206B7D5300106642 /* SBTUITunneledApplication.h */,
				CEF1F894206B7D5400106642 /* SBTUITunneledApplication.m */,
				CEF1F893206B7D5400106642 /* XCTestCase+AppExtension.h */,
				CEF1F892206B7D5400106642 /* XCTestCase+AppExtension.m */,
				CEF1F87D206B7CE300106642 /* NSString+SwiftDemangle.h */,
				CEF1F879206B7CE200106642 /* NSString+SwiftDemangle.m */,
				CEF1F87E206B7CE300106642 /* NSURLRequest+HTTPBodyFix.h */,
				CEF1F87A206B7CE200106642 /* NSURLRequest+HTTPBodyFix.m */,
				CEF1F87B206B7CE200106642 /* NSURLRequest+SBTUITestTunnelMatch.h */,
				CEF1F874206B7CE100106642 /* NSURLRequest+SBTUITestTunnelMatch.m */,
				CEF1F87F206B7CE300106642 /* SBTMonitoredNetworkRequest.h */,
				CEF1F876206B7CE100106642 /* SBTMonitoredNetworkRequest.m */,
				CEF1F882206B7CE400106642 /* SBTRequestMatch.h */,
				CEF1F880206B7CE300106642 /* SBTRequestMatch.m */,
				CEF1F883206B7CE400106642 /* SBTRewrite.h */,
				CEF1F873206B7CE100106642 /* SBTRewrite.m */,
				CEF1F881206B7CE300106642 /* SBTStubResponse.h */,
				CEF1F875206B7CE100106642 /* SBTStubResponse.m */,
				CEF1F87C206B7CE200106642 /* SBTSwizzleHelpers.h */,
				CEF1F877206B7CE200106642 /* SBTUITestTunnel.h */,
				CEF1F878206B7CE200106642 /* SBTUITestTunnel.m */,
				CEF1F85D206B7CD500106642 /* NSData+SHA1.h */,
				CEF1F865206B7CD600106642 /* NSData+SHA1.m */,
				CEF1F85B206B7CD500106642 /* NSURLSession+HTTPBodyFix.h */,
				CEF1F860206B7CD600106642 /* NSURLSession+HTTPBodyFix.m */,
				CEF1F85E206B7CD500106642 /* NSURLSessionConfiguration+SBTUITestTunnel.h */,
				CEF1F864206B7CD600106642 /* NSURLSessionConfiguration+SBTUITestTunnel.m */,
				CEF1F85F206B7CD500106642 /* SBTProxyURLProtocol.h */,
				CEF1F866206B7CD600106642 /* SBTProxyURLProtocol.m */,
				CEF1F85C206B7CD500106642 /* SBTUITestTunnelServer.h */,
				CEF1F861206B7CD600106642 /* SBTUITestTunnelServer.m */,
				CEF1F862206B7CD600106642 /* UITextField+DisableAutocomplete.h */,
				CEF1F863206B7CD600106642 /* UITextField+DisableAutocomplete.m */,
				CEF1F84A206B7A9800106642 /* Classes */,
				CEF1F841206B7A8900106642 /* SBUITestTunnel */,
				CEF1F854206B7CAA00106642 /* SBUITestTunnel_mainTarget */,
				CEF1F88A206B7D3700106642 /* SBUITestTunnel_testingTarget */,
				CEF1F840206B7A8900106642 /* Products */,
				CEF1F8C0206B878B00106642 /* Frameworks */,
			);
			sourceTree = "<group>";
		};
		CEF1F840206B7A8900106642 /* Products */ = {
			isa = PBXGroup;
			children = (
				CEF1F83F206B7A8900106642 /* SBUITestTunnel.framework */,
				CEF1F853206B7CAA00106642 /* SBUITestTunnel_mainTarget.framework */,
				CEF1F889206B7D3700106642 /* SBUITestTunnel_testingTarget.framework */,
			);
			name = Products;
			sourceTree = "<group>";
		};
		CEF1F841206B7A8900106642 /* SBUITestTunnel */ = {
			isa = PBXGroup;
			children = (
				CEF1F842206B7A8900106642 /* SBUITestTunnel.h */,
				CEF1F843206B7A8900106642 /* Info.plist */,
			);
			path = SBUITestTunnel;
			sourceTree = "<group>";
		};
		CEF1F84A206B7A9800106642 /* Classes */ = {
			isa = PBXGroup;
			children = (
				CEF1F84D206B7AC500106642 /* Client */,
				CEF1F84C206B7AAD00106642 /* Common */,
				CEF1F84B206B7A9E00106642 /* Server */,
			);
			path = Classes;
			sourceTree = "<group>";
		};
		CEF1F84B206B7A9E00106642 /* Server */ = {
			isa = PBXGroup;
			children = (
			);
			path = Server;
			sourceTree = "<group>";
		};
		CEF1F84C206B7AAD00106642 /* Common */ = {
			isa = PBXGroup;
			children = (
			);
			path = Common;
			sourceTree = "<group>";
		};
		CEF1F84D206B7AC500106642 /* Client */ = {
			isa = PBXGroup;
			children = (
			);
			path = Client;
			sourceTree = "<group>";
		};
		CEF1F854206B7CAA00106642 /* SBUITestTunnel_mainTarget */ = {
			isa = PBXGroup;
			children = (
				CEF1F855206B7CAA00106642 /* SBUITestTunnel_mainTarget.h */,
				CEF1F856206B7CAA00106642 /* Info.plist */,
			);
			path = SBUITestTunnel_mainTarget;
			sourceTree = "<group>";
		};
		CEF1F88A206B7D3700106642 /* SBUITestTunnel_testingTarget */ = {
			isa = PBXGroup;
			children = (
				CEF1F88B206B7D3700106642 /* SBUITestTunnel_testingTarget.h */,
				CEF1F88C206B7D3700106642 /* Info.plist */,
			);
			path = SBUITestTunnel_testingTarget;
			sourceTree = "<group>";
		};
		CEF1F8C0206B878B00106642 /* Frameworks */ = {
			isa = PBXGroup;
			children = (
				CEF1F8C5206B879C00106642 /* Foundation.framework */,
				CEF1F8C3206B879500106642 /* CoreGraphics.framework */,
				CEF1F8C1206B878B00106642 /* UIKit.framework */,
			);
			name = Frameworks;
			sourceTree = "<group>";
		};
/* End PBXGroup section */

/* Begin PBXHeadersBuildPhase section */
		CEF1F83C206B7A8900106642 /* Headers */ = {
			isa = PBXHeadersBuildPhase;
			buildActionMask = 2147483647;
			files = (
				CEF1F844206B7A8900106642 /* SBUITestTunnel.h in Headers */,
			);
			runOnlyForDeploymentPostprocessing = 0;
		};
		CEF1F850206B7CAA00106642 /* Headers */ = {
			isa = PBXHeadersBuildPhase;
			buildActionMask = 2147483647;
			files = (
				CEF1F857206B7CAA00106642 /* SBUITestTunnel_mainTarget.h in Headers */,
			);
			runOnlyForDeploymentPostprocessing = 0;
		};
		CEF1F886206B7D3700106642 /* Headers */ = {
			isa = PBXHeadersBuildPhase;
			buildActionMask = 2147483647;
			files = (
				CEF1F88D206B7D3700106642 /* SBUITestTunnel_testingTarget.h in Headers */,
			);
			runOnlyForDeploymentPostprocessing = 0;
		};
/* End PBXHeadersBuildPhase section */

/* Begin PBXNativeTarget section */
		CEF1F83E206B7A8900106642 /* SBUITestTunnel */ = {
			isa = PBXNativeTarget;
			buildConfigurationList = CEF1F847206B7A8900106642 /* Build configuration list for PBXNativeTarget "SBUITestTunnel" */;
			buildPhases = (
				CEF1F83A206B7A8900106642 /* Sources */,
				CEF1F83B206B7A8900106642 /* Frameworks */,
				CEF1F83C206B7A8900106642 /* Headers */,
				CEF1F83D206B7A8900106642 /* Resources */,
			);
			buildRules = (
			);
			dependencies = (
			);
			name = SBUITestTunnel;
			productName = SBUITestTunnel;
			productReference = CEF1F83F206B7A8900106642 /* SBUITestTunnel.framework */;
			productType = "com.apple.product-type.framework";
		};
		CEF1F852206B7CAA00106642 /* SBUITestTunnel_mainTarget */ = {
			isa = PBXNativeTarget;
			buildConfigurationList = CEF1F858206B7CAA00106642 /* Build configuration list for PBXNativeTarget "SBUITestTunnel_mainTarget" */;
			buildPhases = (
				CEF1F84E206B7CAA00106642 /* Sources */,
				CEF1F84F206B7CAA00106642 /* Frameworks */,
				CEF1F850206B7CAA00106642 /* Headers */,
				CEF1F851206B7CAA00106642 /* Resources */,
			);
			buildRules = (
			);
			dependencies = (
			);
			name = SBUITestTunnel_mainTarget;
			productName = SBUITestTunnel_mainTarget;
			productReference = CEF1F853206B7CAA00106642 /* SBUITestTunnel_mainTarget.framework */;
			productType = "com.apple.product-type.framework";
		};
		CEF1F888206B7D3700106642 /* SBUITestTunnel_testingTarget */ = {
			isa = PBXNativeTarget;
			buildConfigurationList = CEF1F88E206B7D3700106642 /* Build configuration list for PBXNativeTarget "SBUITestTunnel_testingTarget" */;
			buildPhases = (
				CEF1F884206B7D3700106642 /* Sources */,
				CEF1F885206B7D3700106642 /* Frameworks */,
				CEF1F886206B7D3700106642 /* Headers */,
				CEF1F887206B7D3700106642 /* Resources */,
			);
			buildRules = (
			);
			dependencies = (
			);
			name = SBUITestTunnel_testingTarget;
			productName = SBUITestTunnel_testingTarget;
			productReference = CEF1F889206B7D3700106642 /* SBUITestTunnel_testingTarget.framework */;
			productType = "com.apple.product-type.framework";
		};
/* End PBXNativeTarget section */

/* Begin PBXProject section */
		CEF1F836206B7A8900106642 /* Project object */ = {
			isa = PBXProject;
			attributes = {
				LastUpgradeCheck = 0920;
				ORGANIZATIONNAME = "Tomasz Mnich";
				TargetAttributes = {
					CEF1F83E206B7A8900106642 = {
						CreatedOnToolsVersion = 9.2;
						ProvisioningStyle = Automatic;
					};
					CEF1F852206B7CAA00106642 = {
						CreatedOnToolsVersion = 9.2;
						ProvisioningStyle = Automatic;
					};
					CEF1F888206B7D3700106642 = {
						CreatedOnToolsVersion = 9.2;
						ProvisioningStyle = Automatic;
					};
				};
			};
			buildConfigurationList = CEF1F839206B7A8900106642 /* Build configuration list for PBXProject "SBUITestTunnel" */;
			compatibilityVersion = "Xcode 8.0";
			developmentRegion = en;
			hasScannedForEncodings = 0;
			knownRegions = (
				en,
			);
			mainGroup = CEF1F835206B7A8900106642;
			productRefGroup = CEF1F840206B7A8900106642 /* Products */;
			projectDirPath = "";
			projectRoot = "";
			targets = (
				CEF1F83E206B7A8900106642 /* SBUITestTunnel */,
				CEF1F852206B7CAA00106642 /* SBUITestTunnel_mainTarget */,
				CEF1F888206B7D3700106642 /* SBUITestTunnel_testingTarget */,
			);
		};
/* End PBXProject section */

/* Begin PBXResourcesBuildPhase section */
		CEF1F83D206B7A8900106642 /* Resources */ = {
			isa = PBXResourcesBuildPhase;
			buildActionMask = 2147483647;
			files = (
			);
			runOnlyForDeploymentPostprocessing = 0;
		};
		CEF1F851206B7CAA00106642 /* Resources */ = {
			isa = PBXResourcesBuildPhase;
			buildActionMask = 2147483647;
			files = (
			);
			runOnlyForDeploymentPostprocessing = 0;
		};
		CEF1F887206B7D3700106642 /* Resources */ = {
			isa = PBXResourcesBuildPhase;
			buildActionMask = 2147483647;
			files = (
			);
			runOnlyForDeploymentPostprocessing = 0;
		};
/* End PBXResourcesBuildPhase section */

/* Begin PBXSourcesBuildPhase section */
		CEF1F83A206B7A8900106642 /* Sources */ = {
			isa = PBXSourcesBuildPhase;
			buildActionMask = 2147483647;
			files = (
				CEF1F905206BA03700106642 /* SBTUITunneledApplication.h in Sources */,
				CEF1F906206BA03700106642 /* XCTestCase+AppExtension.m in Sources */,
				CEF1F907206BA03700106642 /* XCTestCase+AppExtension.h in Sources */,
				CEF1F908206BA03700106642 /* SBTUITunneledApplication.m in Sources */,
				CEF1F8F0206BA02500106642 /* SBTRewrite.m in Sources */,
				CEF1F8F1206BA02500106642 /* NSURLRequest+SBTUITestTunnelMatch.m in Sources */,
				CEF1F8F2206BA02500106642 /* SBTStubResponse.m in Sources */,
				CEF1F8F3206BA02500106642 /* SBTMonitoredNetworkRequest.m in Sources */,
				CEF1F8F4206BA02500106642 /* SBTUITestTunnel.h in Sources */,
				CEF1F8F5206BA02500106642 /* SBTUITestTunnel.m in Sources */,
				CEF1F8F6206BA02500106642 /* NSString+SwiftDemangle.m in Sources */,
				CEF1F8F7206BA02500106642 /* NSURLRequest+HTTPBodyFix.m in Sources */,
				CEF1F8F8206BA02500106642 /* NSURLRequest+SBTUITestTunnelMatch.h in Sources */,
				CEF1F8F9206BA02500106642 /* SBTSwizzleHelpers.h in Sources */,
				CEF1F8FA206BA02500106642 /* NSString+SwiftDemangle.h in Sources */,
				CEF1F8FB206BA02500106642 /* NSURLRequest+HTTPBodyFix.h in Sources */,
				CEF1F8FC206BA02500106642 /* SBTMonitoredNetworkRequest.h in Sources */,
				CEF1F8FD206BA02500106642 /* SBTRequestMatch.m in Sources */,
				CEF1F8FE206BA02500106642 /* SBTStubResponse.h in Sources */,
				CEF1F8FF206BA02500106642 /* SBTRequestMatch.h in Sources */,
				CEF1F900206BA02500106642 /* SBTRewrite.h in Sources */,
				CEF1F8D3206BA01400106642 /* NSURLSession+HTTPBodyFix.h in Sources */,
				CEF1F8D4206BA01400106642 /* SBTUITestTunnelServer.h in Sources */,
				CEF1F8D5206BA01400106642 /* NSData+SHA1.h in Sources */,
				CEF1F8D6206BA01400106642 /* NSURLSessionConfiguration+SBTUITestTunnel.h in Sources */,
				CEF1F8D7206BA01400106642 /* SBTProxyURLProtocol.h in Sources */,
				CEF1F8D8206BA01400106642 /* NSURLSession+HTTPBodyFix.m in Sources */,
				CEF1F8D9206BA01400106642 /* SBTUITestTunnelServer.m in Sources */,
				CEF1F8DA206BA01400106642 /* UITextField+DisableAutocomplete.h in Sources */,
				CEF1F8DB206BA01400106642 /* UITextField+DisableAutocomplete.m in Sources */,
				CEF1F8DC206BA01400106642 /* NSURLSessionConfiguration+SBTUITestTunnel.m in Sources */,
				CEF1F8DD206BA01400106642 /* NSData+SHA1.m in Sources */,
				CEF1F8DE206BA01400106642 /* SBTProxyURLProtocol.m in Sources */,
			);
			runOnlyForDeploymentPostprocessing = 0;
		};
		CEF1F84E206B7CAA00106642 /* Sources */ = {
			isa = PBXSourcesBuildPhase;
			buildActionMask = 2147483647;
			files = (
				CEF1F867206B7CD600106642 /* NSURLSession+HTTPBodyFix.h in Sources */,
				CEF1F868206B7CD600106642 /* SBTUITestTunnelServer.h in Sources */,
				CEF1F869206B7CD600106642 /* NSData+SHA1.h in Sources */,
				CEF1F86A206B7CD600106642 /* NSURLSessionConfiguration+SBTUITestTunnel.h in Sources */,
				CEF1F86B206B7CD600106642 /* SBTProxyURLProtocol.h in Sources */,
				CEF1F86C206B7CD600106642 /* NSURLSession+HTTPBodyFix.m in Sources */,
				CEF1F86D206B7CD600106642 /* SBTUITestTunnelServer.m in Sources */,
				CEF1F86E206B7CD600106642 /* UITextField+DisableAutocomplete.h in Sources */,
				CEF1F86F206B7CD600106642 /* UITextField+DisableAutocomplete.m in Sources */,
				CEF1F870206B7CD600106642 /* NSURLSessionConfiguration+SBTUITestTunnel.m in Sources */,
				CEF1F871206B7CD600106642 /* NSData+SHA1.m in Sources */,
				CEF1F872206B7CD600106642 /* SBTProxyURLProtocol.m in Sources */,
			);
			runOnlyForDeploymentPostprocessing = 0;
		};
		CEF1F884206B7D3700106642 /* Sources */ = {
			isa = PBXSourcesBuildPhase;
			buildActionMask = 2147483647;
			files = (
				CEF1F8AA206B7D6100106642 /* SBTRewrite.m in Sources */,
				CEF1F8AB206B7D6100106642 /* NSURLRequest+SBTUITestTunnelMatch.m in Sources */,
				CEF1F8AC206B7D6100106642 /* SBTStubResponse.m in Sources */,
				CEF1F8AD206B7D6100106642 /* SBTMonitoredNetworkRequest.m in Sources */,
				CEF1F8AE206B7D6100106642 /* SBTUITestTunnel.h in Sources */,
				CEF1F8AF206B7D6100106642 /* SBTUITestTunnel.m in Sources */,
				CEF1F8B0206B7D6100106642 /* NSString+SwiftDemangle.m in Sources */,
				CEF1F8B1206B7D6100106642 /* NSURLRequest+HTTPBodyFix.m in Sources */,
				CEF1F8B2206B7D6100106642 /* NSURLRequest+SBTUITestTunnelMatch.h in Sources */,
				CEF1F8B3206B7D6100106642 /* SBTSwizzleHelpers.h in Sources */,
				CEF1F8B4206B7D6100106642 /* NSString+SwiftDemangle.h in Sources */,
				CEF1F8B5206B7D6100106642 /* NSURLRequest+HTTPBodyFix.h in Sources */,
				CEF1F8B6206B7D6100106642 /* SBTMonitoredNetworkRequest.h in Sources */,
				CEF1F8B7206B7D6100106642 /* SBTRequestMatch.m in Sources */,
				CEF1F8B8206B7D6100106642 /* SBTStubResponse.h in Sources */,
				CEF1F8B9206B7D6100106642 /* SBTRequestMatch.h in Sources */,
				CEF1F8BA206B7D6100106642 /* SBTRewrite.h in Sources */,
				CEF1F895206B7D5400106642 /* SBTUITunneledApplication.h in Sources */,
				CEF1F896206B7D5400106642 /* XCTestCase+AppExtension.m in Sources */,
				CEF1F897206B7D5400106642 /* XCTestCase+AppExtension.h in Sources */,
				CEF1F898206B7D5400106642 /* SBTUITunneledApplication.m in Sources */,
			);
			runOnlyForDeploymentPostprocessing = 0;
		};
/* End PBXSourcesBuildPhase section */

/* Begin XCBuildConfiguration section */
		CEF1F845206B7A8900106642 /* Debug */ = {
			isa = XCBuildConfiguration;
			buildSettings = {
				ALWAYS_SEARCH_USER_PATHS = NO;
				CLANG_ANALYZER_NONNULL = YES;
				CLANG_ANALYZER_NUMBER_OBJECT_CONVERSION = YES_AGGRESSIVE;
				CLANG_CXX_LANGUAGE_STANDARD = "gnu++14";
				CLANG_CXX_LIBRARY = "libc++";
				CLANG_ENABLE_MODULES = YES;
				CLANG_ENABLE_OBJC_ARC = YES;
				CLANG_WARN_BLOCK_CAPTURE_AUTORELEASING = YES;
				CLANG_WARN_BOOL_CONVERSION = YES;
				CLANG_WARN_COMMA = YES;
				CLANG_WARN_CONSTANT_CONVERSION = YES;
				CLANG_WARN_DIRECT_OBJC_ISA_USAGE = YES_ERROR;
				CLANG_WARN_DOCUMENTATION_COMMENTS = YES;
				CLANG_WARN_EMPTY_BODY = YES;
				CLANG_WARN_ENUM_CONVERSION = YES;
				CLANG_WARN_INFINITE_RECURSION = YES;
				CLANG_WARN_INT_CONVERSION = YES;
				CLANG_WARN_NON_LITERAL_NULL_CONVERSION = YES;
				CLANG_WARN_OBJC_LITERAL_CONVERSION = YES;
				CLANG_WARN_OBJC_ROOT_CLASS = YES_ERROR;
				CLANG_WARN_RANGE_LOOP_ANALYSIS = YES;
				CLANG_WARN_STRICT_PROTOTYPES = YES;
				CLANG_WARN_SUSPICIOUS_MOVE = YES;
				CLANG_WARN_UNGUARDED_AVAILABILITY = YES_AGGRESSIVE;
				CLANG_WARN_UNREACHABLE_CODE = YES;
				CLANG_WARN__DUPLICATE_METHOD_MATCH = YES;
				CODE_SIGN_IDENTITY = "iPhone Developer";
				COPY_PHASE_STRIP = NO;
				CURRENT_PROJECT_VERSION = 1;
				DEBUG_INFORMATION_FORMAT = dwarf;
				ENABLE_STRICT_OBJC_MSGSEND = YES;
				ENABLE_TESTABILITY = YES;
				GCC_C_LANGUAGE_STANDARD = gnu11;
				GCC_DYNAMIC_NO_PIC = NO;
				GCC_NO_COMMON_BLOCKS = YES;
				GCC_OPTIMIZATION_LEVEL = 0;
				GCC_PREPROCESSOR_DEFINITIONS = (
					"DEBUG=1",
					"$(inherited)",
				);
				GCC_WARN_64_TO_32_BIT_CONVERSION = YES;
				GCC_WARN_ABOUT_RETURN_TYPE = YES_ERROR;
				GCC_WARN_UNDECLARED_SELECTOR = YES;
				GCC_WARN_UNINITIALIZED_AUTOS = YES_AGGRESSIVE;
				GCC_WARN_UNUSED_FUNCTION = YES;
				GCC_WARN_UNUSED_VARIABLE = YES;
				IPHONEOS_DEPLOYMENT_TARGET = 11.2;
				MTL_ENABLE_DEBUG_INFO = YES;
				ONLY_ACTIVE_ARCH = YES;
				SDKROOT = iphoneos;
				VERSIONING_SYSTEM = "apple-generic";
				VERSION_INFO_PREFIX = "";
			};
			name = Debug;
		};
		CEF1F846206B7A8900106642 /* Release */ = {
			isa = XCBuildConfiguration;
			buildSettings = {
				ALWAYS_SEARCH_USER_PATHS = NO;
				CLANG_ANALYZER_NONNULL = YES;
				CLANG_ANALYZER_NUMBER_OBJECT_CONVERSION = YES_AGGRESSIVE;
				CLANG_CXX_LANGUAGE_STANDARD = "gnu++14";
				CLANG_CXX_LIBRARY = "libc++";
				CLANG_ENABLE_MODULES = YES;
				CLANG_ENABLE_OBJC_ARC = YES;
				CLANG_WARN_BLOCK_CAPTURE_AUTORELEASING = YES;
				CLANG_WARN_BOOL_CONVERSION = YES;
				CLANG_WARN_COMMA = YES;
				CLANG_WARN_CONSTANT_CONVERSION = YES;
				CLANG_WARN_DIRECT_OBJC_ISA_USAGE = YES_ERROR;
				CLANG_WARN_DOCUMENTATION_COMMENTS = YES;
				CLANG_WARN_EMPTY_BODY = YES;
				CLANG_WARN_ENUM_CONVERSION = YES;
				CLANG_WARN_INFINITE_RECURSION = YES;
				CLANG_WARN_INT_CONVERSION = YES;
				CLANG_WARN_NON_LITERAL_NULL_CONVERSION = YES;
				CLANG_WARN_OBJC_LITERAL_CONVERSION = YES;
				CLANG_WARN_OBJC_ROOT_CLASS = YES_ERROR;
				CLANG_WARN_RANGE_LOOP_ANALYSIS = YES;
				CLANG_WARN_STRICT_PROTOTYPES = YES;
				CLANG_WARN_SUSPICIOUS_MOVE = YES;
				CLANG_WARN_UNGUARDED_AVAILABILITY = YES_AGGRESSIVE;
				CLANG_WARN_UNREACHABLE_CODE = YES;
				CLANG_WARN__DUPLICATE_METHOD_MATCH = YES;
				CODE_SIGN_IDENTITY = "iPhone Developer";
				COPY_PHASE_STRIP = NO;
				CURRENT_PROJECT_VERSION = 1;
				DEBUG_INFORMATION_FORMAT = "dwarf-with-dsym";
				ENABLE_NS_ASSERTIONS = NO;
				ENABLE_STRICT_OBJC_MSGSEND = YES;
				GCC_C_LANGUAGE_STANDARD = gnu11;
				GCC_NO_COMMON_BLOCKS = YES;
				GCC_WARN_64_TO_32_BIT_CONVERSION = YES;
				GCC_WARN_ABOUT_RETURN_TYPE = YES_ERROR;
				GCC_WARN_UNDECLARED_SELECTOR = YES;
				GCC_WARN_UNINITIALIZED_AUTOS = YES_AGGRESSIVE;
				GCC_WARN_UNUSED_FUNCTION = YES;
				GCC_WARN_UNUSED_VARIABLE = YES;
				IPHONEOS_DEPLOYMENT_TARGET = 11.2;
				MTL_ENABLE_DEBUG_INFO = NO;
				SDKROOT = iphoneos;
				VALIDATE_PRODUCT = YES;
				VERSIONING_SYSTEM = "apple-generic";
				VERSION_INFO_PREFIX = "";
			};
			name = Release;
		};
		CEF1F848206B7A8900106642 /* Debug */ = {
			isa = XCBuildConfiguration;
			buildSettings = {
				CODE_SIGN_IDENTITY = "";
				CODE_SIGN_STYLE = Automatic;
				DEFINES_MODULE = YES;
				DEVELOPMENT_TEAM = WR35VQMY5K;
				DYLIB_COMPATIBILITY_VERSION = 1;
				DYLIB_CURRENT_VERSION = 1;
				DYLIB_INSTALL_NAME_BASE = "@rpath";
				INFOPLIST_FILE = SBUITestTunnel/Info.plist;
				INSTALL_PATH = "$(LOCAL_LIBRARY_DIR)/Frameworks";
				LD_RUNPATH_SEARCH_PATHS = "$(inherited) @executable_path/Frameworks @loader_path/Frameworks";
				PRODUCT_BUNDLE_IDENTIFIER = polidea.SBUITestTunnel;
				PRODUCT_NAME = "$(TARGET_NAME:c99extidentifier)";
				SKIP_INSTALL = YES;
				TARGETED_DEVICE_FAMILY = "1,2";
			};
			name = Debug;
		};
		CEF1F849206B7A8900106642 /* Release */ = {
			isa = XCBuildConfiguration;
			buildSettings = {
				CODE_SIGN_IDENTITY = "";
				CODE_SIGN_STYLE = Automatic;
				DEFINES_MODULE = YES;
				DEVELOPMENT_TEAM = WR35VQMY5K;
				DYLIB_COMPATIBILITY_VERSION = 1;
				DYLIB_CURRENT_VERSION = 1;
				DYLIB_INSTALL_NAME_BASE = "@rpath";
				INFOPLIST_FILE = SBUITestTunnel/Info.plist;
				INSTALL_PATH = "$(LOCAL_LIBRARY_DIR)/Frameworks";
				LD_RUNPATH_SEARCH_PATHS = "$(inherited) @executable_path/Frameworks @loader_path/Frameworks";
				PRODUCT_BUNDLE_IDENTIFIER = polidea.SBUITestTunnel;
				PRODUCT_NAME = "$(TARGET_NAME:c99extidentifier)";
				SKIP_INSTALL = YES;
				TARGETED_DEVICE_FAMILY = "1,2";
			};
			name = Release;
		};
		CEF1F859206B7CAA00106642 /* Debug */ = {
			isa = XCBuildConfiguration;
			buildSettings = {
				CODE_SIGN_IDENTITY = "";
				CODE_SIGN_STYLE = Automatic;
				DEFINES_MODULE = YES;
				DEVELOPMENT_TEAM = WR35VQMY5K;
				DYLIB_COMPATIBILITY_VERSION = 1;
				DYLIB_CURRENT_VERSION = 1;
				DYLIB_INSTALL_NAME_BASE = "@rpath";
				INFOPLIST_FILE = SBUITestTunnel_mainTarget/Info.plist;
				INSTALL_PATH = "$(LOCAL_LIBRARY_DIR)/Frameworks";
				LD_RUNPATH_SEARCH_PATHS = "$(inherited) @executable_path/Frameworks @loader_path/Frameworks";
				PRODUCT_BUNDLE_IDENTIFIER = "polidea.SBUITestTunnel-mainTarget";
				PRODUCT_NAME = "$(TARGET_NAME:c99extidentifier)";
				SKIP_INSTALL = YES;
				TARGETED_DEVICE_FAMILY = "1,2";
			};
			name = Debug;
		};
		CEF1F85A206B7CAA00106642 /* Release */ = {
			isa = XCBuildConfiguration;
			buildSettings = {
				CODE_SIGN_IDENTITY = "";
				CODE_SIGN_STYLE = Automatic;
				DEFINES_MODULE = YES;
				DEVELOPMENT_TEAM = WR35VQMY5K;
				DYLIB_COMPATIBILITY_VERSION = 1;
				DYLIB_CURRENT_VERSION = 1;
				DYLIB_INSTALL_NAME_BASE = "@rpath";
				INFOPLIST_FILE = SBUITestTunnel_mainTarget/Info.plist;
				INSTALL_PATH = "$(LOCAL_LIBRARY_DIR)/Frameworks";
				LD_RUNPATH_SEARCH_PATHS = "$(inherited) @executable_path/Frameworks @loader_path/Frameworks";
				PRODUCT_BUNDLE_IDENTIFIER = "polidea.SBUITestTunnel-mainTarget";
				PRODUCT_NAME = "$(TARGET_NAME:c99extidentifier)";
				SKIP_INSTALL = YES;
				TARGETED_DEVICE_FAMILY = "1,2";
			};
			name = Release;
		};
		CEF1F88F206B7D3700106642 /* Debug */ = {
			isa = XCBuildConfiguration;
			buildSettings = {
				CODE_SIGN_IDENTITY = "";
				CODE_SIGN_STYLE = Automatic;
				DEFINES_MODULE = YES;
				DEVELOPMENT_TEAM = WR35VQMY5K;
				DYLIB_COMPATIBILITY_VERSION = 1;
				DYLIB_CURRENT_VERSION = 1;
				DYLIB_INSTALL_NAME_BASE = "@rpath";
				INFOPLIST_FILE = SBUITestTunnel_testingTarget/Info.plist;
				INSTALL_PATH = "$(LOCAL_LIBRARY_DIR)/Frameworks";
				LD_RUNPATH_SEARCH_PATHS = "$(inherited) @executable_path/Frameworks @loader_path/Frameworks";
				PRODUCT_BUNDLE_IDENTIFIER = "polidea.SBUITestTunnel-testingTarget";
				PRODUCT_NAME = "$(TARGET_NAME:c99extidentifier)";
				SKIP_INSTALL = YES;
				TARGETED_DEVICE_FAMILY = "1,2";
			};
			name = Debug;
		};
		CEF1F890206B7D3700106642 /* Release */ = {
			isa = XCBuildConfiguration;
			buildSettings = {
				CODE_SIGN_IDENTITY = "";
				CODE_SIGN_STYLE = Automatic;
				DEFINES_MODULE = YES;
				DEVELOPMENT_TEAM = WR35VQMY5K;
				DYLIB_COMPATIBILITY_VERSION = 1;
				DYLIB_CURRENT_VERSION = 1;
				DYLIB_INSTALL_NAME_BASE = "@rpath";
				INFOPLIST_FILE = SBUITestTunnel_testingTarget/Info.plist;
				INSTALL_PATH = "$(LOCAL_LIBRARY_DIR)/Frameworks";
				LD_RUNPATH_SEARCH_PATHS = "$(inherited) @executable_path/Frameworks @loader_path/Frameworks";
				PRODUCT_BUNDLE_IDENTIFIER = "polidea.SBUITestTunnel-testingTarget";
				PRODUCT_NAME = "$(TARGET_NAME:c99extidentifier)";
				SKIP_INSTALL = YES;
				TARGETED_DEVICE_FAMILY = "1,2";
			};
			name = Release;
		};
/* End XCBuildConfiguration section */

/* Begin XCConfigurationList section */
		CEF1F839206B7A8900106642 /* Build configuration list for PBXProject "SBUITestTunnel" */ = {
			isa = XCConfigurationList;
			buildConfigurations = (
				CEF1F845206B7A8900106642 /* Debug */,
				CEF1F846206B7A8900106642 /* Release */,
			);
			defaultConfigurationIsVisible = 0;
			defaultConfigurationName = Release;
		};
		CEF1F847206B7A8900106642 /* Build configuration list for PBXNativeTarget "SBUITestTunnel" */ = {
			isa = XCConfigurationList;
			buildConfigurations = (
				CEF1F848206B7A8900106642 /* Debug */,
				CEF1F849206B7A8900106642 /* Release */,
			);
			defaultConfigurationIsVisible = 0;
			defaultConfigurationName = Release;
		};
		CEF1F858206B7CAA00106642 /* Build configuration list for PBXNativeTarget "SBUITestTunnel_mainTarget" */ = {
			isa = XCConfigurationList;
			buildConfigurations = (
				CEF1F859206B7CAA00106642 /* Debug */,
				CEF1F85A206B7CAA00106642 /* Release */,
			);
			defaultConfigurationIsVisible = 0;
			defaultConfigurationName = Release;
		};
		CEF1F88E206B7D3700106642 /* Build configuration list for PBXNativeTarget "SBUITestTunnel_testingTarget" */ = {
			isa = XCConfigurationList;
			buildConfigurations = (
				CEF1F88F206B7D3700106642 /* Debug */,
				CEF1F890206B7D3700106642 /* Release */,
			);
			defaultConfigurationIsVisible = 0;
			defaultConfigurationName = Release;
		};
/* End XCConfigurationList section */
	};
	rootObject = CEF1F836206B7A8900106642 /* Project object */;
}
